
Microsoft Visual Studio Solution File, Format Version 12.00
# Visual Studio Version 17
VisualStudioVersion = 17.5.002.0
MinimumVisualStudioVersion = 10.0.40219.1
Project("{9A19103F-16F7-4668-BE54-9A1E7A4F7556}") = "trilha-net-api-desafio-NET8", "trilha-net-api-desafio-NET8.csproj", "{EF86CAC8-EAE7-421C-AAF5-D72FDCB18200}"
EndProject
Global
	GlobalSection(SolutionConfigurationPlatforms) = preSolution
		Debug|Any CPU = Debug|Any CPU
		Release|Any CPU = Release|Any CPU
	EndGlobalSection
	GlobalSection(ProjectConfigurationPlatforms) = postSolution
		{EF86CAC8-EAE7-421C-AAF5-D72FDCB18200}.Debug|Any CPU.ActiveCfg = Debug|Any CPU
		{EF86CAC8-EAE7-421C-AAF5-D72FDCB18200}.Debug|Any CPU.Build.0 = Debug|Any CPU
		{EF86CAC8-EAE7-421C-AAF5-D72FDCB18200}.Release|Any CPU.ActiveCfg = Release|Any CPU
		{EF86CAC8-EAE7-421C-AAF5-D72FDCB18200}.Release|Any CPU.Build.0 = Release|Any CPU
	EndGlobalSection
	GlobalSection(SolutionProperties) = preSolution
		HideSolutionNode = FALSE
	EndGlobalSection
	GlobalSection(ExtensibilityGlobals) = postSolution
		SolutionGuid = {394E77CE-6667-4E98-97A5-706F1B1EA69F}
	EndGlobalSection
EndGlobal
